{
  "name": "hello",
  "lockfileVersion": 3,
  "requires": true,
  "packages": {
    "": {
      "dependencies": {
        "helo": "^1.1.1",
        "legendary": "^1.0.0"
      }
    },
    "node_modules/helo": {
      "version": "1.1.1",
      "resolved": "https://registry.npmjs.org/helo/-/helo-1.1.1.tgz",
      "integrity": "sha512-DRkDp7CXier3IdQMm8dZ3D0fhQKpGhsYd3V35jLE77DvtdZZDiCWFb5dY30LX5go1yd6XjHWQjswigX79E4d2Q==",
      "deprecated": "No longer maintained.",
      "peerDependencies": {
        "legendary": "^1.0.0"
      }
    },
    "node_modules/legendary": {
      "version": "1.0.0",
      "resolved": "https://registry.npmjs.org/legendary/-/legendary-1.0.0.tgz",
      "integrity": "sha512-LOLEOn4rYRW22EocwfDlqulTFokXTHOfB9vS68cok+f5L8/oW+9MjAJJLRTEPK89OJZNEGx4Yg/b6WFwHoPk8Q==",
      "deprecated": "No longer maintained.",
      "engines": {
        "node": ">=0.10.0"
      }
    }
  }
}
